
Microsoft Visual Studio Solution File, Format Version 12.00
# Visual Studio 15
VisualStudioVersion = 15.0.28307.106
MinimumVisualStudioVersion = 10.0.40219.1
Project("{FAE04EC0-301F-11D3-BF4B-00C04F79EFBC}") = "tema 3 module 2 ex8 copyelements array into anothe", "tema 3 module 2 ex8 copyelements array into anothe\tema 3 module 2 ex8 copyelements array into anothe.csproj", "{883FB54D-C860-43CD-969F-7E378CDF33C4}"
EndProject
Global
	GlobalSection(SolutionConfigurationPlatforms) = preSolution
		Debug|Any CPU = Debug|Any CPU
		Release|Any CPU = Release|Any CPU
	EndGlobalSection
	GlobalSection(ProjectConfigurationPlatforms) = postSolution
		{883FB54D-C860-43CD-969F-7E378CDF33C4}.Debug|Any CPU.ActiveCfg = Debug|Any CPU
		{883FB54D-C860-43CD-969F-7E378CDF33C4}.Debug|Any CPU.Build.0 = Debug|Any CPU
		{883FB54D-C860-43CD-969F-7E378CDF33C4}.Release|Any CPU.ActiveCfg = Release|Any CPU
		{883FB54D-C860-43CD-969F-7E378CDF33C4}.Release|Any CPU.Build.0 = Release|Any CPU
	EndGlobalSection
	GlobalSection(SolutionProperties) = preSolution
		HideSolutionNode = FALSE
	EndGlobalSection
	GlobalSection(ExtensibilityGlobals) = postSolution
		SolutionGuid = {856E0B40-4206-4469-A360-7C09BAA45EFB}
	EndGlobalSection
EndGlobal
