
Microsoft Visual Studio Solution File, Format Version 12.00
# Visual Studio 15
VisualStudioVersion = 15.0.28307.106
MinimumVisualStudioVersion = 10.0.40219.1
Project("{FAE04EC0-301F-11D3-BF4B-00C04F79EFBC}") = "tema3 module 2 ex2 media valorilor unui array", "tema3 module 2 ex2 media valorilor unui array\tema3 module 2 ex2 media valorilor unui array.csproj", "{AB0DAEAC-1EFE-4ACE-8CF5-B91E01D65EF2}"
EndProject
Global
	GlobalSection(SolutionConfigurationPlatforms) = preSolution
		Debug|Any CPU = Debug|Any CPU
		Release|Any CPU = Release|Any CPU
	EndGlobalSection
	GlobalSection(ProjectConfigurationPlatforms) = postSolution
		{AB0DAEAC-1EFE-4ACE-8CF5-B91E01D65EF2}.Debug|Any CPU.ActiveCfg = Debug|Any CPU
		{AB0DAEAC-1EFE-4ACE-8CF5-B91E01D65EF2}.Debug|Any CPU.Build.0 = Debug|Any CPU
		{AB0DAEAC-1EFE-4ACE-8CF5-B91E01D65EF2}.Release|Any CPU.ActiveCfg = Release|Any CPU
		{AB0DAEAC-1EFE-4ACE-8CF5-B91E01D65EF2}.Release|Any CPU.Build.0 = Release|Any CPU
	EndGlobalSection
	GlobalSection(SolutionProperties) = preSolution
		HideSolutionNode = FALSE
	EndGlobalSection
	GlobalSection(ExtensibilityGlobals) = postSolution
		SolutionGuid = {1BF91631-D287-4F94-ABAF-19F56FDE0FEB}
	EndGlobalSection
EndGlobal
