
Microsoft Visual Studio Solution File, Format Version 12.00
# Visual Studio 15
VisualStudioVersion = 15.0.28307.106
MinimumVisualStudioVersion = 10.0.40219.1
Project("{FAE04EC0-301F-11D3-BF4B-00C04F79EFBC}") = "tema3 module2 ex.5 insert", "tema3 module2 ex.5 insert\tema3 module2 ex.5 insert.csproj", "{DF74B3AA-DF04-4C12-9A29-81F3AD660B73}"
EndProject
Global
	GlobalSection(SolutionConfigurationPlatforms) = preSolution
		Debug|Any CPU = Debug|Any CPU
		Release|Any CPU = Release|Any CPU
	EndGlobalSection
	GlobalSection(ProjectConfigurationPlatforms) = postSolution
		{DF74B3AA-DF04-4C12-9A29-81F3AD660B73}.Debug|Any CPU.ActiveCfg = Debug|Any CPU
		{DF74B3AA-DF04-4C12-9A29-81F3AD660B73}.Debug|Any CPU.Build.0 = Debug|Any CPU
		{DF74B3AA-DF04-4C12-9A29-81F3AD660B73}.Release|Any CPU.ActiveCfg = Release|Any CPU
		{DF74B3AA-DF04-4C12-9A29-81F3AD660B73}.Release|Any CPU.Build.0 = Release|Any CPU
	EndGlobalSection
	GlobalSection(SolutionProperties) = preSolution
		HideSolutionNode = FALSE
	EndGlobalSection
	GlobalSection(ExtensibilityGlobals) = postSolution
		SolutionGuid = {F1DB1140-68E1-4BE8-BF68-245E15CDA025}
	EndGlobalSection
EndGlobal
