
Microsoft Visual Studio Solution File, Format Version 12.00
# Visual Studio 15
VisualStudioVersion = 15.0.28307.106
MinimumVisualStudioVersion = 10.0.40219.1
Project("{FAE04EC0-301F-11D3-BF4B-00C04F79EFBC}") = "tema3 module2 odd and even value array", "tema3 module2 odd and even value array\tema3 module2 odd and even value array.csproj", "{168CD7A2-A57A-47A4-A60B-EB19324B553B}"
EndProject
Global
	GlobalSection(SolutionConfigurationPlatforms) = preSolution
		Debug|Any CPU = Debug|Any CPU
		Release|Any CPU = Release|Any CPU
	EndGlobalSection
	GlobalSection(ProjectConfigurationPlatforms) = postSolution
		{168CD7A2-A57A-47A4-A60B-EB19324B553B}.Debug|Any CPU.ActiveCfg = Debug|Any CPU
		{168CD7A2-A57A-47A4-A60B-EB19324B553B}.Debug|Any CPU.Build.0 = Debug|Any CPU
		{168CD7A2-A57A-47A4-A60B-EB19324B553B}.Release|Any CPU.ActiveCfg = Release|Any CPU
		{168CD7A2-A57A-47A4-A60B-EB19324B553B}.Release|Any CPU.Build.0 = Release|Any CPU
	EndGlobalSection
	GlobalSection(SolutionProperties) = preSolution
		HideSolutionNode = FALSE
	EndGlobalSection
	GlobalSection(ExtensibilityGlobals) = postSolution
		SolutionGuid = {A19CFAEF-6D38-4214-BB76-6D2BB13A99B8}
	EndGlobalSection
EndGlobal
