
Microsoft Visual Studio Solution File, Format Version 12.00
# Visual Studio 15
VisualStudioVersion = 15.0.28307.106
MinimumVisualStudioVersion = 10.0.40219.1
Project("{FAE04EC0-301F-11D3-BF4B-00C04F79EFBC}") = "tema 3 module 2 frequency", "tema 3 module 2 frequency\tema 3 module 2 frequency.csproj", "{7C169696-BE43-4E98-9C30-96ACF4E900AE}"
EndProject
Global
	GlobalSection(SolutionConfigurationPlatforms) = preSolution
		Debug|Any CPU = Debug|Any CPU
		Release|Any CPU = Release|Any CPU
	EndGlobalSection
	GlobalSection(ProjectConfigurationPlatforms) = postSolution
		{7C169696-BE43-4E98-9C30-96ACF4E900AE}.Debug|Any CPU.ActiveCfg = Debug|Any CPU
		{7C169696-BE43-4E98-9C30-96ACF4E900AE}.Debug|Any CPU.Build.0 = Debug|Any CPU
		{7C169696-BE43-4E98-9C30-96ACF4E900AE}.Release|Any CPU.ActiveCfg = Release|Any CPU
		{7C169696-BE43-4E98-9C30-96ACF4E900AE}.Release|Any CPU.Build.0 = Release|Any CPU
	EndGlobalSection
	GlobalSection(SolutionProperties) = preSolution
		HideSolutionNode = FALSE
	EndGlobalSection
	GlobalSection(ExtensibilityGlobals) = postSolution
		SolutionGuid = {66640B52-47AC-454C-8761-B492837DB0E2}
	EndGlobalSection
EndGlobal
