
Microsoft Visual Studio Solution File, Format Version 12.00
# Visual Studio 15
VisualStudioVersion = 15.0.28307.106
MinimumVisualStudioVersion = 10.0.40219.1
Project("{FAE04EC0-301F-11D3-BF4B-00C04F79EFBC}") = "tema 3 module 2 ex6 find max and min of array", "tema 3 module 2 ex6 find max and min of array\tema 3 module 2 ex6 find max and min of array.csproj", "{C3130F2A-CE13-48B7-9365-BB6841E0BF59}"
EndProject
Global
	GlobalSection(SolutionConfigurationPlatforms) = preSolution
		Debug|Any CPU = Debug|Any CPU
		Release|Any CPU = Release|Any CPU
	EndGlobalSection
	GlobalSection(ProjectConfigurationPlatforms) = postSolution
		{C3130F2A-CE13-48B7-9365-BB6841E0BF59}.Debug|Any CPU.ActiveCfg = Debug|Any CPU
		{C3130F2A-CE13-48B7-9365-BB6841E0BF59}.Debug|Any CPU.Build.0 = Debug|Any CPU
		{C3130F2A-CE13-48B7-9365-BB6841E0BF59}.Release|Any CPU.ActiveCfg = Release|Any CPU
		{C3130F2A-CE13-48B7-9365-BB6841E0BF59}.Release|Any CPU.Build.0 = Release|Any CPU
	EndGlobalSection
	GlobalSection(SolutionProperties) = preSolution
		HideSolutionNode = FALSE
	EndGlobalSection
	GlobalSection(ExtensibilityGlobals) = postSolution
		SolutionGuid = {606C7221-B71C-428D-A681-9B6575491C84}
	EndGlobalSection
EndGlobal
