
Microsoft Visual Studio Solution File, Format Version 12.00
# Visual Studio 15
VisualStudioVersion = 15.0.28307.106
MinimumVisualStudioVersion = 10.0.40219.1
Project("{FAE04EC0-301F-11D3-BF4B-00C04F79EFBC}") = "tema3 module 2 ex.4 remove element array", "tema3 module 2 ex.4 remove element array\tema3 module 2 ex.4 remove element array.csproj", "{A63811D3-B261-4C05-810E-334035A88FA1}"
EndProject
Global
	GlobalSection(SolutionConfigurationPlatforms) = preSolution
		Debug|Any CPU = Debug|Any CPU
		Release|Any CPU = Release|Any CPU
	EndGlobalSection
	GlobalSection(ProjectConfigurationPlatforms) = postSolution
		{A63811D3-B261-4C05-810E-334035A88FA1}.Debug|Any CPU.ActiveCfg = Debug|Any CPU
		{A63811D3-B261-4C05-810E-334035A88FA1}.Debug|Any CPU.Build.0 = Debug|Any CPU
		{A63811D3-B261-4C05-810E-334035A88FA1}.Release|Any CPU.ActiveCfg = Release|Any CPU
		{A63811D3-B261-4C05-810E-334035A88FA1}.Release|Any CPU.Build.0 = Release|Any CPU
	EndGlobalSection
	GlobalSection(SolutionProperties) = preSolution
		HideSolutionNode = FALSE
	EndGlobalSection
	GlobalSection(ExtensibilityGlobals) = postSolution
		SolutionGuid = {D9F9BE73-9116-4CBC-9F7B-68631D052BA9}
	EndGlobalSection
EndGlobal
