
Microsoft Visual Studio Solution File, Format Version 12.00
# Visual Studio 15
VisualStudioVersion = 15.0.28307.106
MinimumVisualStudioVersion = 10.0.40219.1
Project("{FAE04EC0-301F-11D3-BF4B-00C04F79EFBC}") = "tema3 module 2 ex3 find index in an array", "tema3 module 2 ex3 find index in an array\tema3 module 2 ex3 find index in an array.csproj", "{45513B39-E350-49C1-91DF-03DB9167A147}"
EndProject
Global
	GlobalSection(SolutionConfigurationPlatforms) = preSolution
		Debug|Any CPU = Debug|Any CPU
		Release|Any CPU = Release|Any CPU
	EndGlobalSection
	GlobalSection(ProjectConfigurationPlatforms) = postSolution
		{45513B39-E350-49C1-91DF-03DB9167A147}.Debug|Any CPU.ActiveCfg = Debug|Any CPU
		{45513B39-E350-49C1-91DF-03DB9167A147}.Debug|Any CPU.Build.0 = Debug|Any CPU
		{45513B39-E350-49C1-91DF-03DB9167A147}.Release|Any CPU.ActiveCfg = Release|Any CPU
		{45513B39-E350-49C1-91DF-03DB9167A147}.Release|Any CPU.Build.0 = Release|Any CPU
	EndGlobalSection
	GlobalSection(SolutionProperties) = preSolution
		HideSolutionNode = FALSE
	EndGlobalSection
	GlobalSection(ExtensibilityGlobals) = postSolution
		SolutionGuid = {7E7182FA-B43A-4504-AD8A-53BFFA93E2E4}
	EndGlobalSection
EndGlobal
