
Microsoft Visual Studio Solution File, Format Version 12.00
# Visual Studio 15
VisualStudioVersion = 15.0.28307.106
MinimumVisualStudioVersion = 10.0.40219.1
Project("{FAE04EC0-301F-11D3-BF4B-00C04F79EFBC}") = "tema 3 module 2 ex1 suma valorilor unui array", "tema 3 module 2 ex1 suma valorilor unui array\tema 3 module 2 ex1 suma valorilor unui array.csproj", "{DA616607-B13B-42FA-9391-5AD9B66A9567}"
EndProject
Global
	GlobalSection(SolutionConfigurationPlatforms) = preSolution
		Debug|Any CPU = Debug|Any CPU
		Release|Any CPU = Release|Any CPU
	EndGlobalSection
	GlobalSection(ProjectConfigurationPlatforms) = postSolution
		{DA616607-B13B-42FA-9391-5AD9B66A9567}.Debug|Any CPU.ActiveCfg = Debug|Any CPU
		{DA616607-B13B-42FA-9391-5AD9B66A9567}.Debug|Any CPU.Build.0 = Debug|Any CPU
		{DA616607-B13B-42FA-9391-5AD9B66A9567}.Release|Any CPU.ActiveCfg = Release|Any CPU
		{DA616607-B13B-42FA-9391-5AD9B66A9567}.Release|Any CPU.Build.0 = Release|Any CPU
	EndGlobalSection
	GlobalSection(SolutionProperties) = preSolution
		HideSolutionNode = FALSE
	EndGlobalSection
	GlobalSection(ExtensibilityGlobals) = postSolution
		SolutionGuid = {C7D5123B-1F0D-41BB-8CD3-33F69C20460F}
	EndGlobalSection
EndGlobal
